{
  "version": 4,
  "terraform_version": "1.12.2",
  "serial": 12,
  "lineage": "afb9fcae-e91d-8113-dc27-df2edff6e71b",
  "outputs": {
    "password": {
      "value": "nuOqeFQDkU0X4tCh",
      "type": "string",
      "sensitive": true
    },
    "public_ip": {
      "value": "34.23.138.187",
      "type": "string"
    },
    "web_ui_url_http": {
      "value": "http://34.23.138.187",
      "type": "string"
    },
    "web_ui_url_https": {
      "value": "https://34.23.138.187",
      "type": "string"
    }
  },
  "resources": [
    {
      "mode": "data",
      "type": "google_compute_image",
      "name": "debian",
      "provider": "provider[\"registry.terraform.io/hashicorp/google\"]",
      "instances": [
        {
          "schema_version": 0,
          "attributes": {
            "archive_size_bytes": 2184521472,
            "creation_timestamp": "2025-06-11T13:13:41.873-07:00",
            "description": "Debian, Debian GNU/Linux, 11 (bullseye), amd64 built on 20250610",
            "disk_size_gb": 10,
            "family": "debian-11",
            "filter": null,
            "id": "projects/debian-cloud/global/images/debian-11-bullseye-v20250610",
            "image_encryption_key_sha256": "",
            "image_id": "2339188210655321498",
            "label_fingerprint": "iNBmVNCFF9w=",
            "labels": {
              "public-image": "true"
            },
            "licenses": [
              "https://www.googleapis.com/compute/v1/projects/debian-cloud/global/licenses/debian-11-bullseye"
            ],
            "most_recent": false,
            "name": "debian-11-bullseye-v20250610",
            "project": "debian-cloud",
            "self_link": "https://www.googleapis.com/compute/v1/projects/debian-cloud/global/images/debian-11-bullseye-v20250610",
            "source_disk": "",
            "source_disk_encryption_key_sha256": "",
            "source_disk_id": "",
            "source_image_id": "",
            "status": "READY"
          },
          "sensitive_attributes": [],
          "identity_schema_version": 0
        }
      ]
    },
    {
      "mode": "managed",
      "type": "google_compute_firewall",
      "name": "allow_http",
      "provider": "provider[\"registry.terraform.io/hashicorp/google\"]",
      "instances": [
        {
          "schema_version": 1,
          "attributes": {
            "allow": [
              {
                "ports": [
                  "80"
                ],
                "protocol": "tcp"
              }
            ],
            "creation_timestamp": "2025-06-16T13:27:36.065-07:00",
            "deny": [],
            "description": "",
            "destination_ranges": [],
            "direction": "INGRESS",
            "disabled": false,
            "enable_logging": null,
            "id": "projects/unique-grid-462216-k2/global/firewalls/allow-http",
            "log_config": [],
            "name": "allow-http",
            "network": "https://www.googleapis.com/compute/v1/projects/unique-grid-462216-k2/global/networks/openwebui-vpc",
            "priority": 1000,
            "project": "unique-grid-462216-k2",
            "self_link": "https://www.googleapis.com/compute/v1/projects/unique-grid-462216-k2/global/firewalls/allow-http",
            "source_ranges": [
              "0.0.0.0/0"
            ],
            "source_service_accounts": [],
            "source_tags": [],
            "target_service_accounts": [],
            "target_tags": [
              "http"
            ],
            "timeouts": null
          },
          "sensitive_attributes": [],
          "identity_schema_version": 0,
          "private": "eyJlMmJmYjczMC1lY2FhLTExZTYtOGY4OC0zNDM2M2JjN2M0YzAiOnsiY3JlYXRlIjoxMjAwMDAwMDAwMDAwLCJkZWxldGUiOjEyMDAwMDAwMDAwMDAsInVwZGF0ZSI6MTIwMDAwMDAwMDAwMH0sInNjaGVtYV92ZXJzaW9uIjoiMSJ9",
          "dependencies": [
            "google_compute_network.openwebui_vpc"
          ]
        }
      ]
    },
    {
      "mode": "managed",
      "type": "google_compute_firewall",
      "name": "allow_https",
      "provider": "provider[\"registry.terraform.io/hashicorp/google\"]",
      "instances": [
        {
          "schema_version": 1,
          "attributes": {
            "allow": [
              {
                "ports": [
                  "443"
                ],
                "protocol": "tcp"
              }
            ],
            "creation_timestamp": "2025-06-16T13:27:35.957-07:00",
            "deny": [],
            "description": "",
            "destination_ranges": [],
            "direction": "INGRESS",
            "disabled": false,
            "enable_logging": null,
            "id": "projects/unique-grid-462216-k2/global/firewalls/allow-https",
            "log_config": [],
            "name": "allow-https",
            "network": "https://www.googleapis.com/compute/v1/projects/unique-grid-462216-k2/global/networks/openwebui-vpc",
            "priority": 1000,
            "project": "unique-grid-462216-k2",
            "self_link": "https://www.googleapis.com/compute/v1/projects/unique-grid-462216-k2/global/firewalls/allow-https",
            "source_ranges": [
              "0.0.0.0/0"
            ],
            "source_service_accounts": [],
            "source_tags": [],
            "target_service_accounts": [],
            "target_tags": [
              "https"
            ],
            "timeouts": null
          },
          "sensitive_attributes": [],
          "identity_schema_version": 0,
          "private": "eyJlMmJmYjczMC1lY2FhLTExZTYtOGY4OC0zNDM2M2JjN2M0YzAiOnsiY3JlYXRlIjoxMjAwMDAwMDAwMDAwLCJkZWxldGUiOjEyMDAwMDAwMDAwMDAsInVwZGF0ZSI6MTIwMDAwMDAwMDAwMH0sInNjaGVtYV92ZXJzaW9uIjoiMSJ9",
          "dependencies": [
            "google_compute_network.openwebui_vpc"
          ]
        }
      ]
    },
    {
      "mode": "managed",
      "type": "google_compute_firewall",
      "name": "allow_ssh",
      "provider": "provider[\"registry.terraform.io/hashicorp/google\"]",
      "instances": [
        {
          "schema_version": 1,
          "attributes": {
            "allow": [
              {
                "ports": [
                  "22"
                ],
                "protocol": "tcp"
              }
            ],
            "creation_timestamp": "2025-06-16T13:27:35.952-07:00",
            "deny": [],
            "description": "",
            "destination_ranges": [],
            "direction": "INGRESS",
            "disabled": false,
            "enable_logging": null,
            "id": "projects/unique-grid-462216-k2/global/firewalls/allow-ssh",
            "log_config": [],
            "name": "allow-ssh",
            "network": "https://www.googleapis.com/compute/v1/projects/unique-grid-462216-k2/global/networks/openwebui-vpc",
            "priority": 1000,
            "project": "unique-grid-462216-k2",
            "self_link": "https://www.googleapis.com/compute/v1/projects/unique-grid-462216-k2/global/firewalls/allow-ssh",
            "source_ranges": [
              "73.17.243.189/32"
            ],
            "source_service_accounts": [],
            "source_tags": [],
            "target_service_accounts": [],
            "target_tags": [
              "ssh"
            ],
            "timeouts": null
          },
          "sensitive_attributes": [],
          "identity_schema_version": 0,
          "private": "eyJlMmJmYjczMC1lY2FhLTExZTYtOGY4OC0zNDM2M2JjN2M0YzAiOnsiY3JlYXRlIjoxMjAwMDAwMDAwMDAwLCJkZWxldGUiOjEyMDAwMDAwMDAwMDAsInVwZGF0ZSI6MTIwMDAwMDAwMDAwMH0sInNjaGVtYV92ZXJzaW9uIjoiMSJ9",
          "dependencies": [
            "google_compute_network.openwebui_vpc"
          ]
        }
      ]
    },
    {
      "mode": "managed",
      "type": "google_compute_instance",
      "name": "openwebui",
      "provider": "provider[\"registry.terraform.io/hashicorp/google\"]",
      "instances": [
        {
          "schema_version": 6,
          "attributes": {
            "advanced_machine_features": [],
            "allow_stopping_for_update": null,
            "attached_disk": [],
            "boot_disk": [
              {
                "auto_delete": true,
                "device_name": "persistent-disk-0",
                "disk_encryption_key_raw": "",
                "disk_encryption_key_rsa": "",
                "disk_encryption_key_sha256": "",
                "disk_encryption_service_account": "",
                "force_attach": false,
                "guest_os_features": [
                  "UEFI_COMPATIBLE",
                  "VIRTIO_SCSI_MULTIQUEUE",
                  "GVNIC"
                ],
                "initialize_params": [
                  {
                    "architecture": "X86_64",
                    "enable_confidential_compute": false,
                    "image": "https://www.googleapis.com/compute/v1/projects/debian-cloud/global/images/debian-11-bullseye-v20250610",
                    "labels": {},
                    "provisioned_iops": 0,
                    "provisioned_throughput": 0,
                    "resource_manager_tags": {},
                    "resource_policies": [],
                    "size": 200,
                    "snapshot": "",
                    "source_image_encryption_key": [],
                    "source_snapshot_encryption_key": [],
                    "storage_pool": "",
                    "type": "pd-standard"
                  }
                ],
                "interface": "",
                "kms_key_self_link": "",
                "mode": "READ_WRITE",
                "source": "https://www.googleapis.com/compute/v1/projects/unique-grid-462216-k2/zones/us-east1-b/disks/openwebui"
              }
            ],
            "can_ip_forward": false,
            "confidential_instance_config": [],
            "cpu_platform": "Intel Haswell",
            "creation_timestamp": "2025-06-16T13:28:07.468-07:00",
            "current_status": "RUNNING",
            "deletion_protection": false,
            "description": "",
            "desired_status": null,
            "effective_labels": {
              "goog-terraform-provisioned": "true"
            },
            "enable_display": false,
            "guest_accelerator": [],
            "hostname": "",
            "id": "projects/unique-grid-462216-k2/zones/us-east1-b/instances/openwebui",
            "instance_encryption_key": [],
            "instance_id": "2129314169881477304",
            "key_revocation_action_type": "",
            "label_fingerprint": "vezUS-42LLM=",
            "labels": {},
            "machine_type": "n1-standard-4",
            "metadata": {
              "ssh-keys": "openwebui:ssh-rsa AAAAB3NzaC1yc2EAAAADAQABAAACAQDVC1ytbQTlWT+X0j7DDKbKFAE/o5NMdSZJYXADTUPXjMuIrncvIbdEQFW/1RdG/feN4wDlm2zfCidscBtRV1mDoYQB6v1ly8xOljhxMUMqBWpj8h3y7mysPpT064WO+n8adJjmngHzcRoFijJG3Nm1I7bcC8yLjhoAK1oimnMgvQOCgb4mN2C//TPk/WLo7SNl5d13nG6MZ8+r1mwkCWRv1Ocvjxma60QPVKWp2egTt40Ls6hDdh464qBr5PnvqMj6gZtAjMiog4LeqFKGe2Kd1101XIpekTV9FrtiiYjx9/ppkNUVQAVPCyyI0NUKDtPfBnKj7yrnSFdQuP0oy1eandqpYIBrJ9z1wPCLH/592hcZBOqWavgE1IWGBr9G0EcMKeDgFwJdtxKfB6sB+V96ynWrnHe3u92sAjoJNe89Ki3S65ph2EkMoMbkzFWQloE79wvwCogHyj/roF0qhYWNNvQAkd0pAft7jImS+OLCnLWe1Zllkx7hwUKFy91wgtQOSyLNeFhxA/9vNgF13VzBKK65lmuUKJZ/+OpnqieK+4hZAMNV9+V6VHN3ZRVFBBIkbyySs16YaqfGl0G0Gb/OQ2adAZQxR36/fpawWm8UYwbmr+sVVXh0LNBj4Olvd+AVVL0w9aZxu9iU5Fm9dpgsivwHopEEnpX1RCK6Xu/U/Q== acer@DESKTOP-NATLECP\r\n openwebui",
              "startup-script": "#!/bin/bash\r\nset -e\r\nexport DEBIAN_FRONTEND=noninteractive\r\n\r\n# 1. Install prerequisites\r\napt-get update\r\napt-get install -y ca-certificates curl gnupg apache2-utils sqlite3 nginx openssl\r\n\r\n# 2. Install Docker\r\ninstall -m 0755 -d /etc/apt/keyrings\r\ncurl -fsSL https://download.docker.com/linux/debian/gpg -o /etc/apt/keyrings/docker.asc\r\nchmod a+r /etc/apt/keyrings/docker.asc\r\n\r\necho \"deb [arch=$(dpkg --print-architecture) signed-by=/etc/apt/keyrings/docker.asc] https://download.docker.com/linux/debian $(. /etc/os-release \u0026\u0026 echo \\\"$VERSION_CODENAME\\\") stable\" | tee /etc/apt/sources.list.d/docker.list \u003e /dev/null\r\n\r\napt-get update\r\napt-get install -y docker-ce docker-ce-cli containerd.io docker-buildx-plugin docker-compose-plugin\r\n\r\n# 3. Prepare volumes and database\r\nmkdir -p /etc/open-webui.d\r\nUSER=\"admin@demo.gs\"\r\nPASSWD=$(htpasswd -bnBC 10 \"\" \"mypassword\" | tr -d ':\\n')\r\n\r\ndocker pull ghcr.io/open-webui/open-webui:ollama\r\ndocker run -d -p 8080:8080 \\\r\n  -v /etc/open-webui.d:/root/.open_web_ui \\\r\n  -v /etc/open-webui.d:/app/backend/data \\\r\n  --name openwebui-init ghcr.io/open-webui/open-webui:ollama\r\n\r\n# Wait for DB to be generated\r\ntimeout 120 bash -c 'while [[ \"$(curl -s -o /dev/null -w \"%{http_code}\" http://localhost:8080)\" != \"200\" ]]; do sleep 5; done' || true\r\ndocker stop openwebui-init\r\ndocker rm openwebui-init\r\n\r\ncat \u003c\u003cEOF \u003e /etc/open-webui.d/webui.sql\r\nPRAGMA foreign_keys=OFF;\r\nBEGIN TRANSACTION;\r\nINSERT INTO auth VALUES('488af2d3-dd38-4310-a549-6d8ad11ae69e','$USER','$PASSWD',1);\r\nINSERT INTO user VALUES('488af2d3-dd38-4310-a549-6d8ad11ae69e','Admin User','$USER','admin','avatar',NULL,1719901984,1719901984,1719901984,'null','null',NULL);\r\nCOMMIT;\r\nEOF\r\n\r\nsqlite3 /etc/open-webui.d/webui.db \u003c /etc/open-webui.d/webui.sql\r\n\r\n# 4. Generate self-signed cert\r\nmkdir -p /etc/nginx/certs\r\nopenssl req -x509 -nodes -days 365 -newkey rsa:2048 \\\r\n  -keyout /etc/nginx/certs/selfsigned.key \\\r\n  -out /etc/nginx/certs/selfsigned.crt \\\r\n  -subj \"/CN=$(curl -s ifconfig.me)\"\r\n\r\n# 5. Configure NGINX for reverse proxy\r\ncat \u003c\u003c 'EOF' \u003e /etc/nginx/sites-available/openwebui\r\nserver {\r\n    listen 443 ssl;\r\n    server_name _;\r\n\r\n    ssl_certificate /etc/nginx/certs/selfsigned.crt;\r\n    ssl_certificate_key /etc/nginx/certs/selfsigned.key;\r\n\r\n    location / {\r\n        proxy_pass http://localhost:8080;\r\n        proxy_set_header Host $host;\r\n        proxy_set_header X-Real-IP $remote_addr;\r\n    }\r\n}\r\n\r\nserver {\r\n    listen 80;\r\n    return 301 https://$host$request_uri;\r\n}\r\nEOF\r\n\r\nln -sf /etc/nginx/sites-available/openwebui /etc/nginx/sites-enabled/openwebui\r\nrm -f /etc/nginx/sites-enabled/default\r\nnginx -t \u0026\u0026 systemctl restart nginx\r\n\r\n# 6. Set up OpenWebUI systemd service\r\ncat \u003c\u003c 'EOF' \u003e /etc/systemd/system/openwebui.service\r\n[Unit]\r\nDescription=Open Web UI Service\r\nAfter=docker.service\r\nRequires=docker.service\r\n\r\n[Service]\r\nTimeoutStartSec=0\r\nRestart=always\r\nExecStartPre=-/usr/bin/docker rm -f openwebui\r\nExecStart=/usr/bin/docker run --name openwebui \\\r\n  -p 8080:8080 \\\r\n  -e RAG_EMBEDDING_MODEL_AUTO_UPDATE=true \\\r\n  -v /etc/open-webui.d:/root/.open_web_ui \\\r\n  -v /etc/open-webui.d:/app/backend/data \\\r\n  ghcr.io/open-webui/open-webui:ollama\r\n\r\n[Install]\r\nWantedBy=multi-user.target\r\nEOF\r\n\r\nsystemctl daemon-reload\r\nsystemctl enable --now openwebui.service\r\n\r\necho \"✅ Open Web UI is ready at: https://$(curl -s ifconfig.me)\"\r\n"
            },
            "metadata_fingerprint": "10PXZc5PELs=",
            "metadata_startup_script": null,
            "min_cpu_platform": "",
            "name": "openwebui",
            "network_interface": [
              {
                "access_config": [
                  {
                    "nat_ip": "34.23.138.187",
                    "network_tier": "PREMIUM",
                    "public_ptr_domain_name": ""
                  }
                ],
                "alias_ip_range": [],
                "internal_ipv6_prefix_length": 0,
                "ipv6_access_config": [],
                "ipv6_access_type": "",
                "ipv6_address": "",
                "name": "nic0",
                "network": "https://www.googleapis.com/compute/v1/projects/unique-grid-462216-k2/global/networks/openwebui-vpc",
                "network_attachment": "",
                "network_ip": "10.0.0.2",
                "nic_type": "",
                "queue_count": 0,
                "stack_type": "IPV4_ONLY",
                "subnetwork": "https://www.googleapis.com/compute/v1/projects/unique-grid-462216-k2/regions/us-east1/subnetworks/openwebui-subnet",
                "subnetwork_project": "unique-grid-462216-k2"
              }
            ],
            "network_performance_config": [],
            "params": [],
            "project": "unique-grid-462216-k2",
            "reservation_affinity": [],
            "resource_policies": [],
            "scheduling": [
              {
                "automatic_restart": true,
                "availability_domain": 0,
                "instance_termination_action": "",
                "local_ssd_recovery_timeout": [],
                "max_run_duration": [],
                "min_node_cpus": 0,
                "node_affinities": [],
                "on_host_maintenance": "TERMINATE",
                "on_instance_stop_action": [],
                "preemptible": false,
                "provisioning_model": "STANDARD",
                "termination_time": ""
              }
            ],
            "scratch_disk": [],
            "self_link": "https://www.googleapis.com/compute/v1/projects/unique-grid-462216-k2/zones/us-east1-b/instances/openwebui",
            "service_account": [
              {
                "email": "vm-service-account@unique-grid-462216-k2.iam.gserviceaccount.com",
                "scopes": [
                  "https://www.googleapis.com/auth/cloud-platform"
                ]
              }
            ],
            "shielded_instance_config": [
              {
                "enable_integrity_monitoring": true,
                "enable_secure_boot": false,
                "enable_vtpm": true
              }
            ],
            "tags": [
              "http",
              "https",
              "ssh",
              "terraform"
            ],
            "tags_fingerprint": "XfGPQ63p9c4=",
            "terraform_labels": {
              "goog-terraform-provisioned": "true"
            },
            "timeouts": null,
            "zone": "us-east1-b"
          },
          "sensitive_attributes": [
            [
              {
                "type": "get_attr",
                "value": "boot_disk"
              },
              {
                "type": "index",
                "value": {
                  "value": 0,
                  "type": "number"
                }
              },
              {
                "type": "get_attr",
                "value": "disk_encryption_key_raw"
              }
            ],
            [
              {
                "type": "get_attr",
                "value": "boot_disk"
              },
              {
                "type": "index",
                "value": {
                  "value": 0,
                  "type": "number"
                }
              },
              {
                "type": "get_attr",
                "value": "disk_encryption_key_rsa"
              }
            ],
            [
              {
                "type": "get_attr",
                "value": "metadata"
              },
              {
                "type": "index",
                "value": {
                  "value": "startup-script",
                  "type": "string"
                }
              }
            ]
          ],
          "identity_schema_version": 0,
          "private": "eyJlMmJmYjczMC1lY2FhLTExZTYtOGY4OC0zNDM2M2JjN2M0YzAiOnsiY3JlYXRlIjoxMjAwMDAwMDAwMDAwLCJkZWxldGUiOjEyMDAwMDAwMDAwMDAsInVwZGF0ZSI6MTIwMDAwMDAwMDAwMH0sInNjaGVtYV92ZXJzaW9uIjoiNiJ9",
          "dependencies": [
            "data.google_compute_image.debian",
            "google_compute_network.openwebui_vpc",
            "google_compute_subnetwork.openwebui_subnet",
            "google_service_account.openwebui",
            "random_password.password"
          ]
        }
      ]
    },
    {
      "mode": "managed",
      "type": "google_compute_network",
      "name": "openwebui_vpc",
      "provider": "provider[\"registry.terraform.io/hashicorp/google\"]",
      "instances": [
        {
          "schema_version": 0,
          "attributes": {
            "auto_create_subnetworks": false,
            "bgp_always_compare_med": false,
            "bgp_best_path_selection_mode": "LEGACY",
            "bgp_inter_region_cost": "",
            "delete_default_routes_on_create": false,
            "description": "",
            "enable_ula_internal_ipv6": false,
            "gateway_ipv4": "",
            "id": "projects/unique-grid-462216-k2/global/networks/openwebui-vpc",
            "internal_ipv6_range": "",
            "mtu": 0,
            "name": "openwebui-vpc",
            "network_firewall_policy_enforcement_order": "AFTER_CLASSIC_FIREWALL",
            "network_id": "6805044971100291267",
            "network_profile": "",
            "numeric_id": "6805044971100291267",
            "project": "unique-grid-462216-k2",
            "routing_mode": "REGIONAL",
            "self_link": "https://www.googleapis.com/compute/v1/projects/unique-grid-462216-k2/global/networks/openwebui-vpc",
            "timeouts": null
          },
          "sensitive_attributes": [],
          "identity_schema_version": 0,
          "private": "eyJlMmJmYjczMC1lY2FhLTExZTYtOGY4OC0zNDM2M2JjN2M0YzAiOnsiY3JlYXRlIjoxMjAwMDAwMDAwMDAwLCJkZWxldGUiOjEyMDAwMDAwMDAwMDAsInVwZGF0ZSI6MTIwMDAwMDAwMDAwMH19"
        }
      ]
    },
    {
      "mode": "managed",
      "type": "google_compute_subnetwork",
      "name": "openwebui_subnet",
      "provider": "provider[\"registry.terraform.io/hashicorp/google\"]",
      "instances": [
        {
          "schema_version": 0,
          "attributes": {
            "creation_timestamp": "2025-06-16T13:27:36.125-07:00",
            "description": "",
            "enable_flow_logs": false,
            "external_ipv6_prefix": "",
            "fingerprint": null,
            "gateway_address": "10.0.0.1",
            "id": "projects/unique-grid-462216-k2/regions/us-east1/subnetworks/openwebui-subnet",
            "internal_ipv6_prefix": "",
            "ip_cidr_range": "10.0.0.0/24",
            "ip_collection": null,
            "ipv6_access_type": "",
            "ipv6_cidr_range": "",
            "ipv6_gce_endpoint": "",
            "log_config": [],
            "name": "openwebui-subnet",
            "network": "https://www.googleapis.com/compute/v1/projects/unique-grid-462216-k2/global/networks/openwebui-vpc",
            "private_ip_google_access": false,
            "private_ipv6_google_access": "DISABLE_GOOGLE_ACCESS",
            "project": "unique-grid-462216-k2",
            "purpose": "PRIVATE",
            "region": "us-east1",
            "reserved_internal_range": "",
            "role": "",
            "secondary_ip_range": [],
            "self_link": "https://www.googleapis.com/compute/v1/projects/unique-grid-462216-k2/regions/us-east1/subnetworks/openwebui-subnet",
            "send_secondary_ip_range_if_empty": null,
            "stack_type": "IPV4_ONLY",
            "state": "",
            "subnetwork_id": 8706909330751733975,
            "timeouts": null
          },
          "sensitive_attributes": [],
          "identity_schema_version": 0,
          "private": "eyJlMmJmYjczMC1lY2FhLTExZTYtOGY4OC0zNDM2M2JjN2M0YzAiOnsiY3JlYXRlIjoxMjAwMDAwMDAwMDAwLCJkZWxldGUiOjEyMDAwMDAwMDAwMDAsInVwZGF0ZSI6MTIwMDAwMDAwMDAwMH19",
          "dependencies": [
            "google_compute_network.openwebui_vpc"
          ]
        }
      ]
    },
    {
      "mode": "managed",
      "type": "google_service_account",
      "name": "openwebui",
      "provider": "provider[\"registry.terraform.io/hashicorp/google\"]",
      "instances": [
        {
          "schema_version": 0,
          "attributes": {
            "account_id": "vm-service-account",
            "create_ignore_already_exists": null,
            "description": "",
            "disabled": false,
            "display_name": "Custom SA for VM Instance",
            "email": "vm-service-account@unique-grid-462216-k2.iam.gserviceaccount.com",
            "id": "projects/unique-grid-462216-k2/serviceAccounts/vm-service-account@unique-grid-462216-k2.iam.gserviceaccount.com",
            "member": "serviceAccount:vm-service-account@unique-grid-462216-k2.iam.gserviceaccount.com",
            "name": "projects/unique-grid-462216-k2/serviceAccounts/vm-service-account@unique-grid-462216-k2.iam.gserviceaccount.com",
            "project": "unique-grid-462216-k2",
            "timeouts": null,
            "unique_id": "102662125257021427733"
          },
          "sensitive_attributes": [],
          "identity_schema_version": 0,
          "private": "eyJlMmJmYjczMC1lY2FhLTExZTYtOGY4OC0zNDM2M2JjN2M0YzAiOnsiY3JlYXRlIjozMDAwMDAwMDAwMDB9fQ=="
        }
      ]
    },
    {
      "mode": "managed",
      "type": "random_password",
      "name": "password",
      "provider": "provider[\"registry.terraform.io/hashicorp/random\"]",
      "instances": [
        {
          "schema_version": 3,
          "attributes": {
            "bcrypt_hash": "$2a$10$e0AWA7/wO7I3yNVjTLxQHOxFLGih6LBFCdlkD2t9JJKOEx81tBUoO",
            "id": "none",
            "keepers": null,
            "length": 16,
            "lower": true,
            "min_lower": 0,
            "min_numeric": 0,
            "min_special": 0,
            "min_upper": 0,
            "number": true,
            "numeric": true,
            "override_special": null,
            "result": "nuOqeFQDkU0X4tCh",
            "special": false,
            "upper": true
          },
          "sensitive_attributes": [
            [
              {
                "type": "get_attr",
                "value": "bcrypt_hash"
              }
            ],
            [
              {
                "type": "get_attr",
                "value": "result"
              }
            ]
          ],
          "identity_schema_version": 0
        }
      ]
    },
    {
      "mode": "managed",
      "type": "terracurl_request",
      "name": "openwebui",
      "provider": "provider[\"registry.terraform.io/devops-rob/terracurl\"]",
      "instances": [
        {
          "status": "tainted",
          "schema_version": 0,
          "attributes": {
            "ca_cert_directory": null,
            "ca_cert_file": null,
            "cert_file": null,
            "destroy_ca_cert_directory": null,
            "destroy_ca_cert_file": null,
            "destroy_cert_file": null,
            "destroy_headers": null,
            "destroy_key_file": null,
            "destroy_max_retry": null,
            "destroy_method": null,
            "destroy_parameters": null,
            "destroy_request_body": null,
            "destroy_response_codes": null,
            "destroy_retry_interval": 10,
            "destroy_skip_tls_verify": null,
            "destroy_timeout": 10,
            "destroy_url": null,
            "headers": null,
            "id": "openwebui",
            "key_file": null,
            "max_retry": 6,
            "method": "GET",
            "name": "openwebui",
            "request_body": null,
            "request_parameters": null,
            "request_url_string": "https://34.23.138.187",
            "response": null,
            "response_codes": [
              "200"
            ],
            "retry_interval": 5,
            "skip_tls_verify": null,
            "status_code": null,
            "timeout": 10,
            "url": "https://34.23.138.187"
          },
          "sensitive_attributes": [],
          "identity_schema_version": 0,
          "private": "bnVsbA==",
          "dependencies": [
            "data.google_compute_image.debian",
            "google_compute_instance.openwebui",
            "google_compute_network.openwebui_vpc",
            "google_compute_subnetwork.openwebui_subnet",
            "google_service_account.openwebui",
            "random_password.password"
          ]
        }
      ]
    }
  ],
  "check_results": null
}
