{
  "version": 4,
  "terraform_version": "1.12.2",
  "serial": 26,
  "lineage": "95949d29-79fe-3d0e-65b3-ca4c96a1516b",
  "outputs": {},
  "resources": [
    {
      "mode": "data",
      "type": "google_compute_image",
      "name": "debian",
      "provider": "provider[\"registry.terraform.io/hashicorp/google\"]",
      "instances": [
        {
          "schema_version": 0,
          "attributes": {
            "archive_size_bytes": 2184521472,
            "creation_timestamp": "2025-06-11T13:13:41.873-07:00",
            "description": "Debian, Debian GNU/Linux, 11 (bullseye), amd64 built on 20250610",
            "disk_size_gb": 10,
            "family": "debian-11",
            "filter": null,
            "id": "projects/debian-cloud/global/images/debian-11-bullseye-v20250610",
            "image_encryption_key_sha256": "",
            "image_id": "2339188210655321498",
            "label_fingerprint": "iNBmVNCFF9w=",
            "labels": {
              "public-image": "true"
            },
            "licenses": [
              "https://www.googleapis.com/compute/v1/projects/debian-cloud/global/licenses/debian-11-bullseye"
            ],
            "most_recent": false,
            "name": "debian-11-bullseye-v20250610",
            "project": "debian-cloud",
            "self_link": "https://www.googleapis.com/compute/v1/projects/debian-cloud/global/images/debian-11-bullseye-v20250610",
            "source_disk": "",
            "source_disk_encryption_key_sha256": "",
            "source_disk_id": "",
            "source_image_id": "",
            "status": "READY"
          },
          "sensitive_attributes": [],
          "identity_schema_version": 0
        }
      ]
    },
    {
      "mode": "managed",
      "type": "google_compute_instance",
      "name": "openwebui",
      "provider": "provider[\"registry.terraform.io/hashicorp/google\"]",
      "instances": [
        {
          "schema_version": 6,
          "attributes": {
            "advanced_machine_features": [],
            "allow_stopping_for_update": null,
            "attached_disk": [],
            "boot_disk": [
              {
                "auto_delete": true,
                "device_name": "persistent-disk-0",
                "disk_encryption_key_raw": "",
                "disk_encryption_key_rsa": "",
                "disk_encryption_key_sha256": "",
                "disk_encryption_service_account": "",
                "force_attach": false,
                "guest_os_features": [
                  "UEFI_COMPATIBLE",
                  "VIRTIO_SCSI_MULTIQUEUE",
                  "GVNIC"
                ],
                "initialize_params": [
                  {
                    "architecture": "X86_64",
                    "enable_confidential_compute": false,
                    "image": "https://www.googleapis.com/compute/v1/projects/debian-cloud/global/images/debian-11-bullseye-v20250610",
                    "labels": {},
                    "provisioned_iops": 0,
                    "provisioned_throughput": 0,
                    "resource_manager_tags": {},
                    "resource_policies": [],
                    "size": 200,
                    "snapshot": "",
                    "source_image_encryption_key": [],
                    "source_snapshot_encryption_key": [],
                    "storage_pool": "",
                    "type": "pd-standard"
                  }
                ],
                "interface": "",
                "kms_key_self_link": "",
                "mode": "READ_WRITE",
                "source": "https://www.googleapis.com/compute/v1/projects/unique-grid-462216-k2/zones/us-east4-a/disks/openwebui"
              }
            ],
            "can_ip_forward": false,
            "confidential_instance_config": [],
            "cpu_platform": "Intel Broadwell",
            "creation_timestamp": "2025-06-15T15:29:48.340-07:00",
            "current_status": "RUNNING",
            "deletion_protection": false,
            "description": "",
            "desired_status": null,
            "effective_labels": {
              "goog-terraform-provisioned": "true"
            },
            "enable_display": false,
            "guest_accelerator": [],
            "hostname": "",
            "id": "projects/unique-grid-462216-k2/zones/us-east4-a/instances/openwebui",
            "instance_encryption_key": [],
            "instance_id": "6444752521258006452",
            "key_revocation_action_type": "",
            "label_fingerprint": "vezUS-42LLM=",
            "labels": {},
            "machine_type": "n1-standard-4",
            "metadata": {
              "ssh-keys": "openwebui:ssh-rsa AAAAB3NzaC1yc2EAAAADAQABAAACAQDVC1ytbQTlWT+X0j7DDKbKFAE/o5NMdSZJYXADTUPXjMuIrncvIbdEQFW/1RdG/feN4wDlm2zfCidscBtRV1mDoYQB6v1ly8xOljhxMUMqBWpj8h3y7mysPpT064WO+n8adJjmngHzcRoFijJG3Nm1I7bcC8yLjhoAK1oimnMgvQOCgb4mN2C//TPk/WLo7SNl5d13nG6MZ8+r1mwkCWRv1Ocvjxma60QPVKWp2egTt40Ls6hDdh464qBr5PnvqMj6gZtAjMiog4LeqFKGe2Kd1101XIpekTV9FrtiiYjx9/ppkNUVQAVPCyyI0NUKDtPfBnKj7yrnSFdQuP0oy1eandqpYIBrJ9z1wPCLH/592hcZBOqWavgE1IWGBr9G0EcMKeDgFwJdtxKfB6sB+V96ynWrnHe3u92sAjoJNe89Ki3S65ph2EkMoMbkzFWQloE79wvwCogHyj/roF0qhYWNNvQAkd0pAft7jImS+OLCnLWe1Zllkx7hwUKFy91wgtQOSyLNeFhxA/9vNgF13VzBKK65lmuUKJZ/+OpnqieK+4hZAMNV9+V6VHN3ZRVFBBIkbyySs16YaqfGl0G0Gb/OQ2adAZQxR36/fpawWm8UYwbmr+sVVXh0LNBj4Olvd+AVVL0w9aZxu9iU5Fm9dpgsivwHopEEnpX1RCK6Xu/U/Q== acer@DESKTOP-NATLECP\r\n openwebui",
              "startup-script": "#!/bin/bash\n\n# Fail if one command fails\nset -e\nexport DEBIAN_FRONTEND=noninteractive\n\n# Setup Docker\napt-get update\napt-get install -y ca-certificates curl gnupg apache2-utils sqlite3 nginx\n\ninstall -m 0755 -d /etc/apt/keyrings\ncurl -fsSL https://download.docker.com/linux/debian/gpg -o /etc/apt/keyrings/docker.asc\nchmod a+r /etc/apt/keyrings/docker.asc\n\necho   \"deb [arch=$(dpkg --print-architecture) signed-by=/etc/apt/keyrings/docker.asc] https://download.docker.com/linux/debian   $(. /etc/os-release \u0026\u0026 echo \"$VERSION_CODENAME\") stable\" |   tee /etc/apt/sources.list.d/docker.list \u003e /dev/null\n\napt-get update\napt-get install -y docker-ce docker-ce-cli containerd.io docker-buildx-plugin docker-compose-plugin\n\n# Create mount directory\nmkdir -p /etc/open-webui.d/\n\n# Admin user setup\nUSER=\"admin@demo.gs\"\nPASSWD=$(htpasswd -bnBC 10 \"\" \"mypassword\" | tr -d ':\\n')\n\n# Start container to generate DB\ndocker pull ghcr.io/open-webui/open-webui:ollama\ndocker run -d -p 80:8080 -v /etc/open-webui.d:/root/.open_web_ui -v /etc/open-webui.d:/app/backend/data --name openwebui ghcr.io/open-webui/open-webui:ollama\n\ntimeout 300 bash -c 'while [[ \"$(curl -s -o /dev/null -w '%{http_code}' localhost:80)\" != \"200\" ]]; do sleep 5; done' || true\n\ndocker stop openwebui\ndocker rm openwebui\n\ncat \u003c\u003c EOF \u003e /etc/open-web-ui.d/webui.sql\nPRAGMA foreign_keys=OFF;\nBEGIN TRANSACTION;\nINSERT INTO auth VALUES('488af2d3-dd38-4310-a549-6d8ad11ae69e','$USER','$PASSWD',1);\nINSERT INTO user VALUES('488af2d3-dd38-4310-a549-6d8ad11ae69e','Admin User','$USER','admin','data:image/png;base64,...',NULL,1719901984,1719901984,1719901984,'null','null',NULL);\nCOMMIT;\nEOF\n\nsqlite3 /etc/open-web-ui.d/webui.db \u003c /etc/open-web-ui.d/webui.sql\n\n# Self-signed certs\nmkdir -p /etc/nginx/certs\nopenssl req -x509 -nodes -days 365 -newkey rsa:2048   -keyout /etc/nginx/certs/selfsigned.key   -out /etc/nginx/certs/selfsigned.crt   -subj \"/C=US/ST=NA/L=NA/O=SelfSigned/CN=openwebui.local\"\n\n# NGINX config\ncat \u003c\u003c 'EOF' \u003e /etc/nginx/sites-available/openwebui\nserver {\n    listen 443 ssl;\n    server_name _;\n\n    ssl_certificate /etc/nginx/certs/selfsigned.crt;\n    ssl_certificate_key /etc/nginx/certs/selfsigned.key;\n\n    location / {\n        proxy_pass http://localhost:8080;\n        proxy_set_header Host $host;\n        proxy_set_header X-Real-IP $remote_addr;\n    }\n}\n\nserver {\n    listen 80;\n    return 301 https://$host$request_uri;\n}\nEOF\n\nln -s /etc/nginx/sites-available/openwebui /etc/nginx/sites-enabled/\nrm -f /etc/nginx/sites-enabled/default\nnginx -t \u0026\u0026 systemctl restart nginx\n\n# Systemd service\ncat \u003c\u003c 'EOF' \u003e /etc/systemd/system/openwebui.service\n[Unit]\nDescription=Open Web UI Server\nAfter=docker.service\nRequires=docker.service\n\n[Service]\nTimeoutStartSec=0\nType=simple\nRestart=always\nExecStartPre=-/usr/bin/docker stop %n\nExecStartPre=-/usr/bin/docker rm %n\nExecStart=/usr/bin/docker run -p 8080:8080 -e RAG_EMBEDDING_MODEL_AUTO_UPDATE=true -v /etc/open-web-ui.d:/root/.open_web_ui -v /etc/open-web-ui.d:/app/backend/data --name %n ghcr.io/open-webui/open-webui:ollama\n\n[Install]\nWantedBy=multi-user.target\nEOF\n\nsystemctl daemon-reexec\nsystemctl daemon-reload\nsystemctl enable --now openwebui.service\n\necho \"✅ Open Web UI is available at: https://$(curl -s ifconfig.me)\"\n"
            },
            "metadata_fingerprint": "FUWHTxgYoS8=",
            "metadata_startup_script": null,
            "min_cpu_platform": "",
            "name": "openwebui",
            "network_interface": [
              {
                "access_config": [
                  {
                    "nat_ip": "35.221.33.29",
                    "network_tier": "PREMIUM",
                    "public_ptr_domain_name": ""
                  }
                ],
                "alias_ip_range": [],
                "internal_ipv6_prefix_length": 0,
                "ipv6_access_config": [],
                "ipv6_access_type": "",
                "ipv6_address": "",
                "name": "nic0",
                "network": "https://www.googleapis.com/compute/v1/projects/unique-grid-462216-k2/global/networks/openwebui-vpc",
                "network_attachment": "",
                "network_ip": "10.0.0.2",
                "nic_type": "",
                "queue_count": 0,
                "stack_type": "IPV4_ONLY",
                "subnetwork": "https://www.googleapis.com/compute/v1/projects/unique-grid-462216-k2/regions/us-east4/subnetworks/openwebui-subnet",
                "subnetwork_project": "unique-grid-462216-k2"
              }
            ],
            "network_performance_config": [],
            "params": [],
            "project": "unique-grid-462216-k2",
            "reservation_affinity": [],
            "resource_policies": [],
            "scheduling": [
              {
                "automatic_restart": true,
                "availability_domain": 0,
                "instance_termination_action": "",
                "local_ssd_recovery_timeout": [],
                "max_run_duration": [],
                "min_node_cpus": 0,
                "node_affinities": [],
                "on_host_maintenance": "TERMINATE",
                "on_instance_stop_action": [],
                "preemptible": false,
                "provisioning_model": "STANDARD",
                "termination_time": ""
              }
            ],
            "scratch_disk": [],
            "self_link": "https://www.googleapis.com/compute/v1/projects/unique-grid-462216-k2/zones/us-east4-a/instances/openwebui",
            "service_account": [
              {
                "email": "vm-service-account@unique-grid-462216-k2.iam.gserviceaccount.com",
                "scopes": [
                  "https://www.googleapis.com/auth/cloud-platform"
                ]
              }
            ],
            "shielded_instance_config": [
              {
                "enable_integrity_monitoring": true,
                "enable_secure_boot": false,
                "enable_vtpm": true
              }
            ],
            "tags": [
              "http",
              "https",
              "ssh",
              "terraform"
            ],
            "tags_fingerprint": "XfGPQ63p9c4=",
            "terraform_labels": {
              "goog-terraform-provisioned": "true"
            },
            "timeouts": null,
            "zone": "us-east4-a"
          },
          "sensitive_attributes": [
            [
              {
                "type": "get_attr",
                "value": "boot_disk"
              },
              {
                "type": "index",
                "value": {
                  "value": 0,
                  "type": "number"
                }
              },
              {
                "type": "get_attr",
                "value": "disk_encryption_key_raw"
              }
            ],
            [
              {
                "type": "get_attr",
                "value": "boot_disk"
              },
              {
                "type": "index",
                "value": {
                  "value": 0,
                  "type": "number"
                }
              },
              {
                "type": "get_attr",
                "value": "disk_encryption_key_rsa"
              }
            ],
            [
              {
                "type": "get_attr",
                "value": "metadata"
              },
              {
                "type": "index",
                "value": {
                  "value": "startup-script",
                  "type": "string"
                }
              }
            ]
          ],
          "identity_schema_version": 0,
          "private": "eyJlMmJmYjczMC1lY2FhLTExZTYtOGY4OC0zNDM2M2JjN2M0YzAiOnsiY3JlYXRlIjoxMjAwMDAwMDAwMDAwLCJkZWxldGUiOjEyMDAwMDAwMDAwMDAsInVwZGF0ZSI6MTIwMDAwMDAwMDAwMH0sInNjaGVtYV92ZXJzaW9uIjoiNiJ9",
          "dependencies": [
            "data.google_compute_image.debian",
            "google_compute_network.openwebui_vpc",
            "google_compute_subnetwork.openwebui_subnet",
            "google_service_account.openwebui",
            "random_password.password"
          ]
        }
      ]
    },
    {
      "mode": "managed",
      "type": "google_compute_network",
      "name": "openwebui_vpc",
      "provider": "provider[\"registry.terraform.io/hashicorp/google\"]",
      "instances": [
        {
          "schema_version": 0,
          "attributes": {
            "auto_create_subnetworks": false,
            "bgp_always_compare_med": false,
            "bgp_best_path_selection_mode": "LEGACY",
            "bgp_inter_region_cost": "",
            "delete_default_routes_on_create": false,
            "description": "",
            "enable_ula_internal_ipv6": false,
            "gateway_ipv4": "",
            "id": "projects/unique-grid-462216-k2/global/networks/openwebui-vpc",
            "internal_ipv6_range": "",
            "mtu": 0,
            "name": "openwebui-vpc",
            "network_firewall_policy_enforcement_order": "AFTER_CLASSIC_FIREWALL",
            "network_id": "4650252933733218764",
            "network_profile": "",
            "numeric_id": "4650252933733218764",
            "project": "unique-grid-462216-k2",
            "routing_mode": "REGIONAL",
            "self_link": "https://www.googleapis.com/compute/v1/projects/unique-grid-462216-k2/global/networks/openwebui-vpc",
            "timeouts": null
          },
          "sensitive_attributes": [],
          "identity_schema_version": 0,
          "private": "eyJlMmJmYjczMC1lY2FhLTExZTYtOGY4OC0zNDM2M2JjN2M0YzAiOnsiY3JlYXRlIjoxMjAwMDAwMDAwMDAwLCJkZWxldGUiOjEyMDAwMDAwMDAwMDAsInVwZGF0ZSI6MTIwMDAwMDAwMDAwMH19"
        }
      ]
    },
    {
      "mode": "managed",
      "type": "google_compute_subnetwork",
      "name": "openwebui_subnet",
      "provider": "provider[\"registry.terraform.io/hashicorp/google\"]",
      "instances": [
        {
          "schema_version": 0,
          "attributes": {
            "creation_timestamp": "2025-06-15T15:20:31.201-07:00",
            "description": "",
            "enable_flow_logs": false,
            "external_ipv6_prefix": "",
            "fingerprint": null,
            "gateway_address": "10.0.0.1",
            "id": "projects/unique-grid-462216-k2/regions/us-east4/subnetworks/openwebui-subnet",
            "internal_ipv6_prefix": "",
            "ip_cidr_range": "10.0.0.0/24",
            "ip_collection": null,
            "ipv6_access_type": "",
            "ipv6_cidr_range": "",
            "ipv6_gce_endpoint": "",
            "log_config": [],
            "name": "openwebui-subnet",
            "network": "https://www.googleapis.com/compute/v1/projects/unique-grid-462216-k2/global/networks/openwebui-vpc",
            "private_ip_google_access": false,
            "private_ipv6_google_access": "DISABLE_GOOGLE_ACCESS",
            "project": "unique-grid-462216-k2",
            "purpose": "PRIVATE",
            "region": "us-east4",
            "reserved_internal_range": "",
            "role": "",
            "secondary_ip_range": [],
            "self_link": "https://www.googleapis.com/compute/v1/projects/unique-grid-462216-k2/regions/us-east4/subnetworks/openwebui-subnet",
            "send_secondary_ip_range_if_empty": null,
            "stack_type": "IPV4_ONLY",
            "state": "",
            "subnetwork_id": 5961555905750432192,
            "timeouts": null
          },
          "sensitive_attributes": [],
          "identity_schema_version": 0,
          "private": "eyJlMmJmYjczMC1lY2FhLTExZTYtOGY4OC0zNDM2M2JjN2M0YzAiOnsiY3JlYXRlIjoxMjAwMDAwMDAwMDAwLCJkZWxldGUiOjEyMDAwMDAwMDAwMDAsInVwZGF0ZSI6MTIwMDAwMDAwMDAwMH19",
          "dependencies": [
            "google_compute_network.openwebui_vpc"
          ]
        }
      ]
    },
    {
      "mode": "managed",
      "type": "google_service_account",
      "name": "openwebui",
      "provider": "provider[\"registry.terraform.io/hashicorp/google\"]",
      "instances": [
        {
          "schema_version": 0,
          "attributes": {
            "account_id": "vm-service-account",
            "create_ignore_already_exists": null,
            "description": "",
            "disabled": false,
            "display_name": "Custom SA for VM Instance",
            "email": "vm-service-account@unique-grid-462216-k2.iam.gserviceaccount.com",
            "id": "projects/unique-grid-462216-k2/serviceAccounts/vm-service-account@unique-grid-462216-k2.iam.gserviceaccount.com",
            "member": "serviceAccount:vm-service-account@unique-grid-462216-k2.iam.gserviceaccount.com",
            "name": "projects/unique-grid-462216-k2/serviceAccounts/vm-service-account@unique-grid-462216-k2.iam.gserviceaccount.com",
            "project": "unique-grid-462216-k2",
            "timeouts": null,
            "unique_id": "101778815559348356392"
          },
          "sensitive_attributes": [],
          "identity_schema_version": 0,
          "private": "eyJlMmJmYjczMC1lY2FhLTExZTYtOGY4OC0zNDM2M2JjN2M0YzAiOnsiY3JlYXRlIjozMDAwMDAwMDAwMDB9fQ=="
        }
      ]
    },
    {
      "mode": "managed",
      "type": "random_password",
      "name": "password",
      "provider": "provider[\"registry.terraform.io/hashicorp/random\"]",
      "instances": [
        {
          "schema_version": 3,
          "attributes": {
            "bcrypt_hash": "$2a$10$B/X7kv986xISZ4Qp8eQjWOAw92A5zRdjGdkxU2kf7mB6yviqEWo.W",
            "id": "none",
            "keepers": null,
            "length": 16,
            "lower": true,
            "min_lower": 0,
            "min_numeric": 0,
            "min_special": 0,
            "min_upper": 0,
            "number": true,
            "numeric": true,
            "override_special": null,
            "result": "28N3rWWb2DaWDTAI",
            "special": false,
            "upper": true
          },
          "sensitive_attributes": [
            [
              {
                "type": "get_attr",
                "value": "bcrypt_hash"
              }
            ],
            [
              {
                "type": "get_attr",
                "value": "result"
              }
            ]
          ],
          "identity_schema_version": 0
        }
      ]
    },
    {
      "mode": "managed",
      "type": "terracurl_request",
      "name": "openwebui",
      "provider": "provider[\"registry.terraform.io/devops-rob/terracurl\"]",
      "instances": [
        {
          "schema_version": 0,
          "attributes": {
            "ca_cert_directory": null,
            "ca_cert_file": null,
            "cert_file": null,
            "destroy_ca_cert_directory": null,
            "destroy_ca_cert_file": null,
            "destroy_cert_file": null,
            "destroy_headers": null,
            "destroy_key_file": null,
            "destroy_max_retry": null,
            "destroy_method": null,
            "destroy_parameters": null,
            "destroy_request_body": null,
            "destroy_response_codes": null,
            "destroy_retry_interval": 10,
            "destroy_skip_tls_verify": null,
            "destroy_timeout": 10,
            "destroy_url": null,
            "headers": null,
            "id": "openwebui",
            "key_file": null,
            "max_retry": 120,
            "method": "GET",
            "name": "openwebui",
            "request_body": null,
            "request_parameters": null,
            "request_url_string": "http://35.221.33.29",
            "response": "\u003c!DOCTYPE html\u003e\n\u003chtml\u003e\n\u003chead\u003e\n\u003ctitle\u003eWelcome to nginx!\u003c/title\u003e\n\u003cstyle\u003e\n    body {\n        width: 35em;\n        margin: 0 auto;\n        font-family: Tahoma, Verdana, Arial, sans-serif;\n    }\n\u003c/style\u003e\n\u003c/head\u003e\n\u003cbody\u003e\n\u003ch1\u003eWelcome to nginx!\u003c/h1\u003e\n\u003cp\u003eIf you see this page, the nginx web server is successfully installed and\nworking. Further configuration is required.\u003c/p\u003e\n\n\u003cp\u003eFor online documentation and support please refer to\n\u003ca href=\"http://nginx.org/\"\u003enginx.org\u003c/a\u003e.\u003cbr/\u003e\nCommercial support is available at\n\u003ca href=\"http://nginx.com/\"\u003enginx.com\u003c/a\u003e.\u003c/p\u003e\n\n\u003cp\u003e\u003cem\u003eThank you for using nginx.\u003c/em\u003e\u003c/p\u003e\n\u003c/body\u003e\n\u003c/html\u003e\n",
            "response_codes": [
              "200"
            ],
            "retry_interval": 10,
            "skip_tls_verify": null,
            "status_code": "200",
            "timeout": 10,
            "url": "http://35.221.33.29"
          },
          "sensitive_attributes": [],
          "identity_schema_version": 0,
          "private": "bnVsbA==",
          "dependencies": [
            "data.google_compute_image.debian",
            "google_compute_instance.openwebui",
            "google_compute_network.openwebui_vpc",
            "google_compute_subnetwork.openwebui_subnet",
            "google_service_account.openwebui",
            "random_password.password"
          ]
        }
      ]
    }
  ],
  "check_results": null
}
